// !$*UTF8*$!
{
	archiveVersion = 1;
	classes = {
	};
	objectVersion = 50;
	objects = {

/* Begin PBXBuildFile section */
		E532F13720DF992B0083E236 /* Operators.swift in Sources */ = {isa = PBXBuildFile; fileRef = E532F13620DF992B0083E236 /* Operators.swift */; };
		E5DC448420DF806500F3E2E7 /* SearchViewModel.swift in Sources */ = {isa = PBXBuildFile; fileRef = E5DC448320DF806500F3E2E7 /* SearchViewModel.swift */; };
		E5DC448720DF83DD00F3E2E7 /* SearchRouter.swift in Sources */ = {isa = PBXBuildFile; fileRef = E5DC448620DF83DD00F3E2E7 /* SearchRouter.swift */; };
		E5DC448A20DF8AC100F3E2E7 /* SearchWorker.swift in Sources */ = {isa = PBXBuildFile; fileRef = E5DC448920DF8AC100F3E2E7 /* SearchWorker.swift */; };
		E5FF8F7F20DEF83900419A0C /* AppDelegate.swift in Sources */ = {isa = PBXBuildFile; fileRef = E5FF8F7E20DEF83900419A0C /* AppDelegate.swift */; };
		E5FF8F8120DEF83900419A0C /* SearchViewController.swift in Sources */ = {isa = PBXBuildFile; fileRef = E5FF8F8020DEF83900419A0C /* SearchViewController.swift */; };
		E5FF8F8420DEF83900419A0C /* Main.storyboard in Resources */ = {isa = PBXBuildFile; fileRef = E5FF8F8220DEF83900419A0C /* Main.storyboard */; };
		E5FF8F8620DEF83A00419A0C /* Assets.xcassets in Resources */ = {isa = PBXBuildFile; fileRef = E5FF8F8520DEF83A00419A0C /* Assets.xcassets */; };
		E5FF8F8920DEF83A00419A0C /* LaunchScreen.storyboard in Resources */ = {isa = PBXBuildFile; fileRef = E5FF8F8720DEF83A00419A0C /* LaunchScreen.storyboard */; };
		E5FF8F9420DEF83A00419A0C /* TestProjectTests.swift in Sources */ = {isa = PBXBuildFile; fileRef = E5FF8F9320DEF83A00419A0C /* TestProjectTests.swift */; };
		E5FF8F9F20DEF84900419A0C /* cities.json in Resources */ = {isa = PBXBuildFile; fileRef = E5FF8F9E20DEF84900419A0C /* cities.json */; };
		E5FF8FA220DF078700419A0C /* MapViewController.swift in Sources */ = {isa = PBXBuildFile; fileRef = E5FF8FA120DF078700419A0C /* MapViewController.swift */; };
		E5FF8FA520DF0A7F00419A0C /* CityData.swift in Sources */ = {isa = PBXBuildFile; fileRef = E5FF8FA420DF0A7F00419A0C /* CityData.swift */; };
		E5FF8FA820DF0B3600419A0C /* JSONLoader.swift in Sources */ = {isa = PBXBuildFile; fileRef = E5FF8FA720DF0B3600419A0C /* JSONLoader.swift */; };
/* End PBXBuildFile section */

/* Begin PBXContainerItemProxy section */
		E5FF8F9020DEF83A00419A0C /* PBXContainerItemProxy */ = {
			isa = PBXContainerItemProxy;
			containerPortal = E5FF8F7320DEF83900419A0C /* Project object */;
			proxyType = 1;
			remoteGlobalIDString = E5FF8F7A20DEF83900419A0C;
			remoteInfo = TestProject;
		};
/* End PBXContainerItemProxy section */

/* Begin PBXFileReference section */
		E532F13620DF992B0083E236 /* Operators.swift */ = {isa = PBXFileReference; fileEncoding = 4; lastKnownFileType = sourcecode.swift; path = Operators.swift; sourceTree = "<group>"; };
		E5DC448320DF806500F3E2E7 /* SearchViewModel.swift */ = {isa = PBXFileReference; lastKnownFileType = sourcecode.swift; path = SearchViewModel.swift; sourceTree = "<group>"; };
		E5DC448620DF83DD00F3E2E7 /* SearchRouter.swift */ = {isa = PBXFileReference; lastKnownFileType = sourcecode.swift; path = SearchRouter.swift; sourceTree = "<group>"; };
		E5DC448920DF8AC100F3E2E7 /* SearchWorker.swift */ = {isa = PBXFileReference; lastKnownFileType = sourcecode.swift; path = SearchWorker.swift; sourceTree = "<group>"; };
		E5FF8F7B20DEF83900419A0C /* TestProject.app */ = {isa = PBXFileReference; explicitFileType = wrapper.application; includeInIndex = 0; path = TestProject.app; sourceTree = BUILT_PRODUCTS_DIR; };
		E5FF8F7E20DEF83900419A0C /* AppDelegate.swift */ = {isa = PBXFileReference; lastKnownFileType = sourcecode.swift; path = AppDelegate.swift; sourceTree = "<group>"; };
		E5FF8F8020DEF83900419A0C /* SearchViewController.swift */ = {isa = PBXFileReference; lastKnownFileType = sourcecode.swift; path = SearchViewController.swift; sourceTree = "<group>"; };
		E5FF8F8320DEF83900419A0C /* Base */ = {isa = PBXFileReference; lastKnownFileType = file.storyboard; name = Base; path = Base.lproj/Main.storyboard; sourceTree = "<group>"; };
		E5FF8F8520DEF83A00419A0C /* Assets.xcassets */ = {isa = PBXFileReference; lastKnownFileType = folder.assetcatalog; path = Assets.xcassets; sourceTree = "<group>"; };
		E5FF8F8820DEF83A00419A0C /* Base */ = {isa = PBXFileReference; lastKnownFileType = file.storyboard; name = Base; path = Base.lproj/LaunchScreen.storyboard; sourceTree = "<group>"; };
		E5FF8F8A20DEF83A00419A0C /* Info.plist */ = {isa = PBXFileReference; lastKnownFileType = text.plist.xml; path = Info.plist; sourceTree = "<group>"; };
		E5FF8F8F20DEF83A00419A0C /* TestProjectTests.xctest */ = {isa = PBXFileReference; explicitFileType = wrapper.cfbundle; includeInIndex = 0; path = TestProjectTests.xctest; sourceTree = BUILT_PRODUCTS_DIR; };
		E5FF8F9320DEF83A00419A0C /* TestProjectTests.swift */ = {isa = PBXFileReference; lastKnownFileType = sourcecode.swift; path = TestProjectTests.swift; sourceTree = "<group>"; };
		E5FF8F9520DEF83A00419A0C /* Info.plist */ = {isa = PBXFileReference; lastKnownFileType = text.plist.xml; path = Info.plist; sourceTree = "<group>"; };
		E5FF8F9E20DEF84900419A0C /* cities.json */ = {isa = PBXFileReference; fileEncoding = 4; lastKnownFileType = text.json; path = cities.json; sourceTree = "<group>"; };
		E5FF8FA120DF078700419A0C /* MapViewController.swift */ = {isa = PBXFileReference; lastKnownFileType = sourcecode.swift; path = MapViewController.swift; sourceTree = "<group>"; };
		E5FF8FA420DF0A7F00419A0C /* CityData.swift */ = {isa = PBXFileReference; lastKnownFileType = sourcecode.swift; path = CityData.swift; sourceTree = "<group>"; };
		E5FF8FA720DF0B3600419A0C /* JSONLoader.swift */ = {isa = PBXFileReference; lastKnownFileType = sourcecode.swift; path = JSONLoader.swift; sourceTree = "<group>"; };
/* End PBXFileReference section */

/* Begin PBXFrameworksBuildPhase section */
		E5FF8F7820DEF83900419A0C /* Frameworks */ = {
			isa = PBXFrameworksBuildPhase;
			buildActionMask = 2147483647;
			files = (
			);
			runOnlyForDeploymentPostprocessing = 0;
		};
		E5FF8F8C20DEF83A00419A0C /* Frameworks */ = {
			isa = PBXFrameworksBuildPhase;
			buildActionMask = 2147483647;
			files = (
			);
			runOnlyForDeploymentPostprocessing = 0;
		};
/* End PBXFrameworksBuildPhase section */

/* Begin PBXGroup section */
		E5DC448220DF7D5B00F3E2E7 /* View Models */ = {
			isa = PBXGroup;
			children = (
				E5DC448320DF806500F3E2E7 /* SearchViewModel.swift */,
			);
			path = "View Models";
			sourceTree = "<group>";
		};
		E5DC448520DF83D000F3E2E7 /* Routing */ = {
			isa = PBXGroup;
			children = (
				E5DC448620DF83DD00F3E2E7 /* SearchRouter.swift */,
			);
			path = Routing;
			sourceTree = "<group>";
		};
		E5DC448820DF8AA500F3E2E7 /* Workers */ = {
			isa = PBXGroup;
			children = (
				E5DC448920DF8AC100F3E2E7 /* SearchWorker.swift */,
			);
			path = Workers;
			sourceTree = "<group>";
		};
		E5FF8F7220DEF83900419A0C = {
			isa = PBXGroup;
			children = (
				E5FF8F7D20DEF83900419A0C /* TestProject */,
				E5FF8F9220DEF83A00419A0C /* TestProjectTests */,
				E5FF8F7C20DEF83900419A0C /* Products */,
			);
			sourceTree = "<group>";
		};
		E5FF8F7C20DEF83900419A0C /* Products */ = {
			isa = PBXGroup;
			children = (
				E5FF8F7B20DEF83900419A0C /* TestProject.app */,
				E5FF8F8F20DEF83A00419A0C /* TestProjectTests.xctest */,
			);
			name = Products;
			sourceTree = "<group>";
		};
		E5FF8F7D20DEF83900419A0C /* TestProject */ = {
			isa = PBXGroup;
			children = (
				E5FF8FA620DF0B1F00419A0C /* Core Components */,
				E5FF8FA320DF0A7400419A0C /* Models */,
				E5DC448220DF7D5B00F3E2E7 /* View Models */,
				E5FF8FA020DF076F00419A0C /* View Controllers */,
				E5DC448520DF83D000F3E2E7 /* Routing */,
				E5DC448820DF8AA500F3E2E7 /* Workers */,
				E5FF8F7E20DEF83900419A0C /* AppDelegate.swift */,
				E5FF8F8220DEF83900419A0C /* Main.storyboard */,
				E5FF8F8520DEF83A00419A0C /* Assets.xcassets */,
				E5FF8F8720DEF83A00419A0C /* LaunchScreen.storyboard */,
				E5FF8F8A20DEF83A00419A0C /* Info.plist */,
				E5FF8F9E20DEF84900419A0C /* cities.json */,
			);
			path = TestProject;
			sourceTree = "<group>";
		};
		E5FF8F9220DEF83A00419A0C /* TestProjectTests */ = {
			isa = PBXGroup;
			children = (
				E5FF8F9320DEF83A00419A0C /* TestProjectTests.swift */,
				E5FF8F9520DEF83A00419A0C /* Info.plist */,
			);
			path = TestProjectTests;
			sourceTree = "<group>";
		};
		E5FF8FA020DF076F00419A0C /* View Controllers */ = {
			isa = PBXGroup;
			children = (
				E5FF8F8020DEF83900419A0C /* SearchViewController.swift */,
				E5FF8FA120DF078700419A0C /* MapViewController.swift */,
			);
			path = "View Controllers";
			sourceTree = "<group>";
		};
		E5FF8FA320DF0A7400419A0C /* Models */ = {
			isa = PBXGroup;
			children = (
				E5FF8FA420DF0A7F00419A0C /* CityData.swift */,
			);
			path = Models;
			sourceTree = "<group>";
		};
		E5FF8FA620DF0B1F00419A0C /* Core Components */ = {
			isa = PBXGroup;
			children = (
				E5FF8FA720DF0B3600419A0C /* JSONLoader.swift */,
				E532F13620DF992B0083E236 /* Operators.swift */,
			);
			path = "Core Components";
			sourceTree = "<group>";
		};
/* End PBXGroup section */

/* Begin PBXNativeTarget section */
		E5FF8F7A20DEF83900419A0C /* TestProject */ = {
			isa = PBXNativeTarget;
			buildConfigurationList = E5FF8F9820DEF83A00419A0C /* Build configuration list for PBXNativeTarget "TestProject" */;
			buildPhases = (
				E5FF8F7720DEF83900419A0C /* Sources */,
				E5FF8F7820DEF83900419A0C /* Frameworks */,
				E5FF8F7920DEF83900419A0C /* Resources */,
			);
			buildRules = (
			);
			dependencies = (
			);
			name = TestProject;
			productName = TestProject;
			productReference = E5FF8F7B20DEF83900419A0C /* TestProject.app */;
			productType = "com.apple.product-type.application";
		};
		E5FF8F8E20DEF83A00419A0C /* TestProjectTests */ = {
			isa = PBXNativeTarget;
			buildConfigurationList = E5FF8F9B20DEF83A00419A0C /* Build configuration list for PBXNativeTarget "TestProjectTests" */;
			buildPhases = (
				E5FF8F8B20DEF83A00419A0C /* Sources */,
				E5FF8F8C20DEF83A00419A0C /* Frameworks */,
				E5FF8F8D20DEF83A00419A0C /* Resources */,
			);
			buildRules = (
			);
			dependencies = (
				E5FF8F9120DEF83A00419A0C /* PBXTargetDependency */,
			);
			name = TestProjectTests;
			productName = TestProjectTests;
			productReference = E5FF8F8F20DEF83A00419A0C /* TestProjectTests.xctest */;
			productType = "com.apple.product-type.bundle.unit-test";
		};
/* End PBXNativeTarget section */

/* Begin PBXProject section */
		E5FF8F7320DEF83900419A0C /* Project object */ = {
			isa = PBXProject;
			attributes = {
				LastSwiftUpdateCheck = 0930;
				LastUpgradeCheck = 0930;
				ORGANIZATIONNAME = "Maxim Kovalko";
				TargetAttributes = {
					E5FF8F7A20DEF83900419A0C = {
						CreatedOnToolsVersion = 9.3;
					};
					E5FF8F8E20DEF83A00419A0C = {
						CreatedOnToolsVersion = 9.3;
						TestTargetID = E5FF8F7A20DEF83900419A0C;
					};
				};
			};
			buildConfigurationList = E5FF8F7620DEF83900419A0C /* Build configuration list for PBXProject "TestProject" */;
			compatibilityVersion = "Xcode 9.3";
			developmentRegion = en;
			hasScannedForEncodings = 0;
			knownRegions = (
				en,
				Base,
			);
			mainGroup = E5FF8F7220DEF83900419A0C;
			productRefGroup = E5FF8F7C20DEF83900419A0C /* Products */;
			projectDirPath = "";
			projectRoot = "";
			targets = (
				E5FF8F7A20DEF83900419A0C /* TestProject */,
				E5FF8F8E20DEF83A00419A0C /* TestProjectTests */,
			);
		};
/* End PBXProject section */

/* Begin PBXResourcesBuildPhase section */
		E5FF8F7920DEF83900419A0C /* Resources */ = {
			isa = PBXResourcesBuildPhase;
			buildActionMask = 2147483647;
			files = (
				E5FF8F9F20DEF84900419A0C /* cities.json in Resources */,
				E5FF8F8920DEF83A00419A0C /* LaunchScreen.storyboard in Resources */,
				E5FF8F8620DEF83A00419A0C /* Assets.xcassets in Resources */,
				E5FF8F8420DEF83900419A0C /* Main.storyboard in Resources */,
			);
			runOnlyForDeploymentPostprocessing = 0;
		};
		E5FF8F8D20DEF83A00419A0C /* Resources */ = {
			isa = PBXResourcesBuildPhase;
			buildActionMask = 2147483647;
			files = (
			);
			runOnlyForDeploymentPostprocessing = 0;
		};
/* End PBXResourcesBuildPhase section */

/* Begin PBXSourcesBuildPhase section */
		E5FF8F7720DEF83900419A0C /* Sources */ = {
			isa = PBXSourcesBuildPhase;
			buildActionMask = 2147483647;
			files = (
				E5DC448420DF806500F3E2E7 /* SearchViewModel.swift in Sources */,
				E5FF8FA520DF0A7F00419A0C /* CityData.swift in Sources */,
				E5FF8F8120DEF83900419A0C /* SearchViewController.swift in Sources */,
				E5DC448720DF83DD00F3E2E7 /* SearchRouter.swift in Sources */,
				E5FF8FA220DF078700419A0C /* MapViewController.swift in Sources */,
				E5DC448A20DF8AC100F3E2E7 /* SearchWorker.swift in Sources */,
				E5FF8F7F20DEF83900419A0C /* AppDelegate.swift in Sources */,
				E532F13720DF992B0083E236 /* Operators.swift in Sources */,
				E5FF8FA820DF0B3600419A0C /* JSONLoader.swift in Sources */,
			);
			runOnlyForDeploymentPostprocessing = 0;
		};
		E5FF8F8B20DEF83A00419A0C /* Sources */ = {
			isa = PBXSourcesBuildPhase;
			buildActionMask = 2147483647;
			files = (
				E5FF8F9420DEF83A00419A0C /* TestProjectTests.swift in Sources */,
			);
			runOnlyForDeploymentPostprocessing = 0;
		};
/* End PBXSourcesBuildPhase section */

/* Begin PBXTargetDependency section */
		E5FF8F9120DEF83A00419A0C /* PBXTargetDependency */ = {
			isa = PBXTargetDependency;
			target = E5FF8F7A20DEF83900419A0C /* TestProject */;
			targetProxy = E5FF8F9020DEF83A00419A0C /* PBXContainerItemProxy */;
		};
/* End PBXTargetDependency section */

/* Begin PBXVariantGroup section */
		E5FF8F8220DEF83900419A0C /* Main.storyboard */ = {
			isa = PBXVariantGroup;
			children = (
				E5FF8F8320DEF83900419A0C /* Base */,
			);
			name = Main.storyboard;
			sourceTree = "<group>";
		};
		E5FF8F8720DEF83A00419A0C /* LaunchScreen.storyboard */ = {
			isa = PBXVariantGroup;
			children = (
				E5FF8F8820DEF83A00419A0C /* Base */,
			);
			name = LaunchScreen.storyboard;
			sourceTree = "<group>";
		};
/* End PBXVariantGroup section */

/* Begin XCBuildConfiguration section */
		E5FF8F9620DEF83A00419A0C /* Debug */ = {
			isa = XCBuildConfiguration;
			buildSettings = {
				ALWAYS_SEARCH_USER_PATHS = NO;
				CLANG_ANALYZER_NONNULL = YES;
				CLANG_ANALYZER_NUMBER_OBJECT_CONVERSION = YES_AGGRESSIVE;
				CLANG_CXX_LANGUAGE_STANDARD = "gnu++14";
				CLANG_CXX_LIBRARY = "libc++";
				CLANG_ENABLE_MODULES = YES;
				CLANG_ENABLE_OBJC_ARC = YES;
				CLANG_ENABLE_OBJC_WEAK = YES;
				CLANG_WARN_BLOCK_CAPTURE_AUTORELEASING = YES;
				CLANG_WARN_BOOL_CONVERSION = YES;
				CLANG_WARN_COMMA = YES;
				CLANG_WARN_CONSTANT_CONVERSION = YES;
				CLANG_WARN_DEPRECATED_OBJC_IMPLEMENTATIONS = YES;
				CLANG_WARN_DIRECT_OBJC_ISA_USAGE = YES_ERROR;
				CLANG_WARN_DOCUMENTATION_COMMENTS = YES;
				CLANG_WARN_EMPTY_BODY = YES;
				CLANG_WARN_ENUM_CONVERSION = YES;
				CLANG_WARN_INFINITE_RECURSION = YES;
				CLANG_WARN_INT_CONVERSION = YES;
				CLANG_WARN_NON_LITERAL_NULL_CONVERSION = YES;
				CLANG_WARN_OBJC_IMPLICIT_RETAIN_SELF = YES;
				CLANG_WARN_OBJC_LITERAL_CONVERSION = YES;
				CLANG_WARN_OBJC_ROOT_CLASS = YES_ERROR;
				CLANG_WARN_RANGE_LOOP_ANALYSIS = YES;
				CLANG_WARN_STRICT_PROTOTYPES = YES;
				CLANG_WARN_SUSPICIOUS_MOVE = YES;
				CLANG_WARN_UNGUARDED_AVAILABILITY = YES_AGGRESSIVE;
				CLANG_WARN_UNREACHABLE_CODE = YES;
				CLANG_WARN__DUPLICATE_METHOD_MATCH = YES;
				CODE_SIGN_IDENTITY = "iPhone Developer";
				COPY_PHASE_STRIP = NO;
				DEBUG_INFORMATION_FORMAT = dwarf;
				ENABLE_STRICT_OBJC_MSGSEND = YES;
				ENABLE_TESTABILITY = YES;
				GCC_C_LANGUAGE_STANDARD = gnu11;
				GCC_DYNAMIC_NO_PIC = NO;
				GCC_NO_COMMON_BLOCKS = YES;
				GCC_OPTIMIZATION_LEVEL = 0;
				GCC_PREPROCESSOR_DEFINITIONS = (
					"DEBUG=1",
					"$(inherited)",
				);
				GCC_WARN_64_TO_32_BIT_CONVERSION = YES;
				GCC_WARN_ABOUT_RETURN_TYPE = YES_ERROR;
				GCC_WARN_UNDECLARED_SELECTOR = YES;
				GCC_WARN_UNINITIALIZED_AUTOS = YES_AGGRESSIVE;
				GCC_WARN_UNUSED_FUNCTION = YES;
				GCC_WARN_UNUSED_VARIABLE = YES;
				IPHONEOS_DEPLOYMENT_TARGET = 11.3;
				MTL_ENABLE_DEBUG_INFO = YES;
				ONLY_ACTIVE_ARCH = YES;
				SDKROOT = iphoneos;
				SWIFT_ACTIVE_COMPILATION_CONDITIONS = DEBUG;
				SWIFT_OPTIMIZATION_LEVEL = "-Onone";
			};
			name = Debug;
		};
		E5FF8F9720DEF83A00419A0C /* Release */ = {
			isa = XCBuildConfiguration;
			buildSettings = {
				ALWAYS_SEARCH_USER_PATHS = NO;
				CLANG_ANALYZER_NONNULL = YES;
				CLANG_ANALYZER_NUMBER_OBJECT_CONVERSION = YES_AGGRESSIVE;
				CLANG_CXX_LANGUAGE_STANDARD = "gnu++14";
				CLANG_CXX_LIBRARY = "libc++";
				CLANG_ENABLE_MODULES = YES;
				CLANG_ENABLE_OBJC_ARC = YES;
				CLANG_ENABLE_OBJC_WEAK = YES;
				CLANG_WARN_BLOCK_CAPTURE_AUTORELEASING = YES;
				CLANG_WARN_BOOL_CONVERSION = YES;
				CLANG_WARN_COMMA = YES;
				CLANG_WARN_CONSTANT_CONVERSION = YES;
				CLANG_WARN_DEPRECATED_OBJC_IMPLEMENTATIONS = YES;
				CLANG_WARN_DIRECT_OBJC_ISA_USAGE = YES_ERROR;
				CLANG_WARN_DOCUMENTATION_COMMENTS = YES;
				CLANG_WARN_EMPTY_BODY = YES;
				CLANG_WARN_ENUM_CONVERSION = YES;
				CLANG_WARN_INFINITE_RECURSION = YES;
				CLANG_WARN_INT_CONVERSION = YES;
				CLANG_WARN_NON_LITERAL_NULL_CONVERSION = YES;
				CLANG_WARN_OBJC_IMPLICIT_RETAIN_SELF = YES;
				CLANG_WARN_OBJC_LITERAL_CONVERSION = YES;
				CLANG_WARN_OBJC_ROOT_CLASS = YES_ERROR;
				CLANG_WARN_RANGE_LOOP_ANALYSIS = YES;
				CLANG_WARN_STRICT_PROTOTYPES = YES;
				CLANG_WARN_SUSPICIOUS_MOVE = YES;
				CLANG_WARN_UNGUARDED_AVAILABILITY = YES_AGGRESSIVE;
				CLANG_WARN_UNREACHABLE_CODE = YES;
				CLANG_WARN__DUPLICATE_METHOD_MATCH = YES;
				CODE_SIGN_IDENTITY = "iPhone Developer";
				COPY_PHASE_STRIP = NO;
				DEBUG_INFORMATION_FORMAT = "dwarf-with-dsym";
				ENABLE_NS_ASSERTIONS = NO;
				ENABLE_STRICT_OBJC_MSGSEND = YES;
				GCC_C_LANGUAGE_STANDARD = gnu11;
				GCC_NO_COMMON_BLOCKS = YES;
				GCC_WARN_64_TO_32_BIT_CONVERSION = YES;
				GCC_WARN_ABOUT_RETURN_TYPE = YES_ERROR;
				GCC_WARN_UNDECLARED_SELECTOR = YES;
				GCC_WARN_UNINITIALIZED_AUTOS = YES_AGGRESSIVE;
				GCC_WARN_UNUSED_FUNCTION = YES;
				GCC_WARN_UNUSED_VARIABLE = YES;
				IPHONEOS_DEPLOYMENT_TARGET = 11.3;
				MTL_ENABLE_DEBUG_INFO = NO;
				SDKROOT = iphoneos;
				SWIFT_COMPILATION_MODE = wholemodule;
				SWIFT_OPTIMIZATION_LEVEL = "-O";
				VALIDATE_PRODUCT = YES;
			};
			name = Release;
		};
		E5FF8F9920DEF83A00419A0C /* Debug */ = {
			isa = XCBuildConfiguration;
			buildSettings = {
				ASSETCATALOG_COMPILER_APPICON_NAME = AppIcon;
				CODE_SIGN_STYLE = Automatic;
				DEVELOPMENT_TEAM = ZS9A3Y8V79;
				INFOPLIST_FILE = TestProject/Info.plist;
				LD_RUNPATH_SEARCH_PATHS = (
					"$(inherited)",
					"@executable_path/Frameworks",
				);
				PRODUCT_BUNDLE_IDENTIFIER = com.app.TestProject;
				PRODUCT_NAME = "$(TARGET_NAME)";
				SWIFT_VERSION = 4.0;
				TARGETED_DEVICE_FAMILY = "1,2";
			};
			name = Debug;
		};
		E5FF8F9A20DEF83A00419A0C /* Release */ = {
			isa = XCBuildConfiguration;
			buildSettings = {
				ASSETCATALOG_COMPILER_APPICON_NAME = AppIcon;
				CODE_SIGN_STYLE = Automatic;
				DEVELOPMENT_TEAM = ZS9A3Y8V79;
				INFOPLIST_FILE = TestProject/Info.plist;
				LD_RUNPATH_SEARCH_PATHS = (
					"$(inherited)",
					"@executable_path/Frameworks",
				);
				PRODUCT_BUNDLE_IDENTIFIER = com.app.TestProject;
				PRODUCT_NAME = "$(TARGET_NAME)";
				SWIFT_VERSION = 4.0;
				TARGETED_DEVICE_FAMILY = "1,2";
			};
			name = Release;
		};
		E5FF8F9C20DEF83A00419A0C /* Debug */ = {
			isa = XCBuildConfiguration;
			buildSettings = {
				ALWAYS_EMBED_SWIFT_STANDARD_LIBRARIES = YES;
				BUNDLE_LOADER = "$(TEST_HOST)";
				CODE_SIGN_STYLE = Automatic;
				DEVELOPMENT_TEAM = ZS9A3Y8V79;
				INFOPLIST_FILE = TestProjectTests/Info.plist;
				LD_RUNPATH_SEARCH_PATHS = (
					"$(inherited)",
					"@executable_path/Frameworks",
					"@loader_path/Frameworks",
				);
				PRODUCT_BUNDLE_IDENTIFIER = com.app.TestProjectTests;
				PRODUCT_NAME = "$(TARGET_NAME)";
				SWIFT_VERSION = 4.0;
				TARGETED_DEVICE_FAMILY = "1,2";
				TEST_HOST = "$(BUILT_PRODUCTS_DIR)/TestProject.app/TestProject";
			};
			name = Debug;
		};
		E5FF8F9D20DEF83A00419A0C /* Release */ = {
			isa = XCBuildConfiguration;
			buildSettings = {
				ALWAYS_EMBED_SWIFT_STANDARD_LIBRARIES = YES;
				BUNDLE_LOADER = "$(TEST_HOST)";
				CODE_SIGN_STYLE = Automatic;
				DEVELOPMENT_TEAM = ZS9A3Y8V79;
				INFOPLIST_FILE = TestProjectTests/Info.plist;
				LD_RUNPATH_SEARCH_PATHS = (
					"$(inherited)",
					"@executable_path/Frameworks",
					"@loader_path/Frameworks",
				);
				PRODUCT_BUNDLE_IDENTIFIER = com.app.TestProjectTests;
				PRODUCT_NAME = "$(TARGET_NAME)";
				SWIFT_VERSION = 4.0;
				TARGETED_DEVICE_FAMILY = "1,2";
				TEST_HOST = "$(BUILT_PRODUCTS_DIR)/TestProject.app/TestProject";
			};
			name = Release;
		};
/* End XCBuildConfiguration section */

/* Begin XCConfigurationList section */
		E5FF8F7620DEF83900419A0C /* Build configuration list for PBXProject "TestProject" */ = {
			isa = XCConfigurationList;
			buildConfigurations = (
				E5FF8F9620DEF83A00419A0C /* Debug */,
				E5FF8F9720DEF83A00419A0C /* Release */,
			);
			defaultConfigurationIsVisible = 0;
			defaultConfigurationName = Release;
		};
		E5FF8F9820DEF83A00419A0C /* Build configuration list for PBXNativeTarget "TestProject" */ = {
			isa = XCConfigurationList;
			buildConfigurations = (
				E5FF8F9920DEF83A00419A0C /* Debug */,
				E5FF8F9A20DEF83A00419A0C /* Release */,
			);
			defaultConfigurationIsVisible = 0;
			defaultConfigurationName = Release;
		};
		E5FF8F9B20DEF83A00419A0C /* Build configuration list for PBXNativeTarget "TestProjectTests" */ = {
			isa = XCConfigurationList;
			buildConfigurations = (
				E5FF8F9C20DEF83A00419A0C /* Debug */,
				E5FF8F9D20DEF83A00419A0C /* Release */,
			);
			defaultConfigurationIsVisible = 0;
			defaultConfigurationName = Release;
		};
/* End XCConfigurationList section */
	};
	rootObject = E5FF8F7320DEF83900419A0C /* Project object */;
}
